
Microsoft Visual Studio Solution File, Format Version 12.00
# Visual Studio Version 16
VisualStudioVersion = 16.0.31025.194
MinimumVisualStudioVersion = 10.0.40219.1
Project("{FAE04EC0-301F-11D3-BF4B-00C04F79EFBC}") = "GorselProg", "GorselProg\GorselProg.csproj", "{51386204-B521-4E3D-BF66-1F349C65F72D}"
EndProject
Global
	GlobalSection(SolutionConfigurationPlatforms) = preSolution
		Debug|Any CPU = Debug|Any CPU
		Release|Any CPU = Release|Any CPU
	EndGlobalSection
	GlobalSection(ProjectConfigurationPlatforms) = postSolution
		{51386204-B521-4E3D-BF66-1F349C65F72D}.Debug|Any CPU.ActiveCfg = Debug|Any CPU
		{51386204-B521-4E3D-BF66-1F349C65F72D}.Debug|Any CPU.Build.0 = Debug|Any CPU
		{51386204-B521-4E3D-BF66-1F349C65F72D}.Release|Any CPU.ActiveCfg = Release|Any CPU
		{51386204-B521-4E3D-BF66-1F349C65F72D}.Release|Any CPU.Build.0 = Release|Any CPU
	EndGlobalSection
	GlobalSection(SolutionProperties) = preSolution
		HideSolutionNode = FALSE
	EndGlobalSection
	GlobalSection(ExtensibilityGlobals) = postSolution
		SolutionGuid = {232A4991-10A8-45B8-A0A4-4568BEA0AB58}
	EndGlobalSection
EndGlobal
